Microsoft Visual Studio Solution File, Format Version 11.00
# Visual Studio 2008

Project("{8521BA4E-43D2-770A-CCC1-1443524C2D5B}") = "UnityServer", "Assembly-CSharp.csproj", "{D64E0462-B61B-2F72-7376-919A42DA6026}"
EndProject
Global
	GlobalSection(SolutionConfigurationPlatforms) = preSolution
		Debug|Any CPU = Debug|Any CPU
		Release|Any CPU = Release|Any CPU
	EndGlobalSection
	GlobalSection(ProjectConfigurationPlatforms) = postSolution
		{D64E0462-B61B-2F72-7376-919A42DA6026}.Debug|Any CPU.ActiveCfg = Debug|Any CPU
		{D64E0462-B61B-2F72-7376-919A42DA6026}.Debug|Any CPU.Build.0 = Debug|Any CPU
		{D64E0462-B61B-2F72-7376-919A42DA6026}.Release|Any CPU.ActiveCfg = Release|Any CPU
		{D64E0462-B61B-2F72-7376-919A42DA6026}.Release|Any CPU.Build.0 = Release|Any CPU
	EndGlobalSection
	GlobalSection(SolutionProperties) = preSolution
		HideSolutionNode = FALSE
	EndGlobalSection
							GlobalSection(MonoDevelopProperties) = preSolution
		StartupItem = Assembly-CSharp.csproj
		Policies = $0
		$0.TextStylePolicy = $1
		$1.inheritsSet = null
		$1.scope = text/x-csharp
		$0.CSharpFormattingPolicy = $2
		$2.inheritsSet = Mono
		$2.inheritsScope = text/x-csharp
		$2.scope = text/x-csharp
		$0.TextStylePolicy = $3
		$3.FileWidth = 120
		$3.TabWidth = 4
		$3.EolMarker = Unix
		$3.inheritsSet = Mono
		$3.inheritsScope = text/plain
		$3.scope = text/plain
	EndGlobalSection

EndGlobal
